
Microsoft Visual Studio Solution File, Format Version 12.00
# Visual Studio 2017
Project("{FAE04EC0-301F-11D3-BF4B-00C04F79EFBC}") = "LvlDesignPrototype", "LvlDesignPrototype.csproj", "{71060953-FB75-BAC8-33DA-0981364B68F8}"
EndProject
Project("{FAE04EC0-301F-11D3-BF4B-00C04F79EFBC}") = "LvlDesignPrototype.Editor", "LvlDesignPrototype.Editor.csproj", "{4D9416C1-7493-D6A3-91C9-5F027C477BB4}"
EndProject
Global
	GlobalSection(SolutionConfigurationPlatforms) = preSolution
		Debug|Any CPU = Debug|Any CPU
		Release|Any CPU = Release|Any CPU
	EndGlobalSection
	GlobalSection(ProjectConfigurationPlatforms) = postSolution
		{71060953-FB75-BAC8-33DA-0981364B68F8}.Debug|Any CPU.ActiveCfg = Debug|Any CPU
		{71060953-FB75-BAC8-33DA-0981364B68F8}.Debug|Any CPU.Build.0 = Debug|Any CPU
		{71060953-FB75-BAC8-33DA-0981364B68F8}.Release|Any CPU.ActiveCfg = Release|Any CPU
		{71060953-FB75-BAC8-33DA-0981364B68F8}.Release|Any CPU.Build.0 = Release|Any CPU
		{4D9416C1-7493-D6A3-91C9-5F027C477BB4}.Debug|Any CPU.ActiveCfg = Debug|Any CPU
		{4D9416C1-7493-D6A3-91C9-5F027C477BB4}.Debug|Any CPU.Build.0 = Debug|Any CPU
		{4D9416C1-7493-D6A3-91C9-5F027C477BB4}.Release|Any CPU.ActiveCfg = Release|Any CPU
		{4D9416C1-7493-D6A3-91C9-5F027C477BB4}.Release|Any CPU.Build.0 = Release|Any CPU
	EndGlobalSection
	GlobalSection(SolutionProperties) = preSolution
		HideSolutionNode = FALSE
	EndGlobalSection
EndGlobal
